
Microsoft Visual Studio Solution File, Format Version 12.00
# Visual Studio 15
VisualStudioVersion = 15.0.27703.2026
MinimumVisualStudioVersion = 10.0.40219.1
Project("{888888A0-9F3D-457C-B088-3A5042F75D52}") = "AstrologBot", "AstrologBot\AstrologBot.pyproj", "{8EA08793-9A8E-4E1F-BAB0-1FCEFFA258B6}"
EndProject
Global
	GlobalSection(SolutionConfigurationPlatforms) = preSolution
		Debug|Any CPU = Debug|Any CPU
		Release|Any CPU = Release|Any CPU
	EndGlobalSection
	GlobalSection(ProjectConfigurationPlatforms) = postSolution
		{8EA08793-9A8E-4E1F-BAB0-1FCEFFA258B6}.Debug|Any CPU.ActiveCfg = Debug|Any CPU
		{8EA08793-9A8E-4E1F-BAB0-1FCEFFA258B6}.Release|Any CPU.ActiveCfg = Release|Any CPU
	EndGlobalSection
	GlobalSection(SolutionProperties) = preSolution
		HideSolutionNode = FALSE
	EndGlobalSection
	GlobalSection(ExtensibilityGlobals) = postSolution
		SolutionGuid = {F67E21FF-36A1-4B6E-9CF5-754951BCA086}
	EndGlobalSection
EndGlobal
